<?xml version="1.0" encoding="utf-8"?>
<Project ToolsVersion="4.0" xmlns="http://schemas.microsoft.com/developer/msbuild/2003">
  <ItemGroup>
    <Filter Include="Engine">
      <UniqueIdentifier>{53dd1d9c-afa2-43de-8545-b68fe1eb95c5}</UniqueIdentifier>
    </Filter>
    <Filter Include="Utils">
      <UniqueIdentifier>{300f6233-f1b4-4f18-9360-c9bfe0308e34}</UniqueIdentifier>
    </Filter>
    <Filter Include="Shader">
      <UniqueIdentifier>{710a24eb-3b22-4cba-b53b-42897f27a6d4}</UniqueIdentifier>
    </Filter>
    <Filter Include="Manager">
      <UniqueIdentifier>{25b3214d-e145-4b49-8e9d-908a06998ffa}</UniqueIdentifier>
    </Filter>
    <Filter Include="Object">
      <UniqueIdentifier>{dd23f47d-3ac2-4f96-9bfe-4a6fac248639}</UniqueIdentifier>
    </Filter>
    <Filter Include="Object\Component">
      <UniqueIdentifier>{915d1c10-9db1-4fdb-887a-d0160f593ea1}</UniqueIdentifier>
    </Filter>
    <Filter Include="Object\Resource">
      <UniqueIdentifier>{c5612518-9c4d-408d-926a-9312743d39fa}</UniqueIdentifier>
    </Filter>
    <Filter Include="Object\Component\Collider">
      <UniqueIdentifier>{054eccde-e1ba-451d-925b-5547022cbf4e}</UniqueIdentifier>
    </Filter>
    <Filter Include="Object\Scripts">
      <UniqueIdentifier>{1cfe4b64-4ca1-4958-b16f-73f8ae1985c3}</UniqueIdentifier>
    </Filter>
    <Filter Include="Object\Player">
      <UniqueIdentifier>{216f0edc-9b1a-4c2b-8e89-2340a48905a3}</UniqueIdentifier>
    </Filter>
    <Filter Include="Event">
      <UniqueIdentifier>{3fbbfb21-7c0e-4398-b520-2ef7a790faad}</UniqueIdentifier>
    </Filter>
    <Filter Include="Physics">
      <UniqueIdentifier>{a9a9e47d-d629-4c7c-b49f-d31c532a2cbd}</UniqueIdentifier>
    </Filter>
    <Filter Include="Physics\Callback">
      <UniqueIdentifier>{93fcc4ff-7b2f-4fc3-a2ac-3e3e519bd045}</UniqueIdentifier>
    </Filter>
    <Filter Include="Object\Projectile">
      <UniqueIdentifier>{0ae97fb7-b070-47e3-b7ae-55b96520fa07}</UniqueIdentifier>
    </Filter>
    <Filter Include="Object\Player\StateMachine">
      <UniqueIdentifier>{c2090732-3dbc-49e0-bc00-b5ecee83c166}</UniqueIdentifier>
    </Filter>
    <Filter Include="Object\Player\StateMachine\PlayerState">
      <UniqueIdentifier>{2df349cc-d353-4673-86c3-851cff027aed}</UniqueIdentifier>
    </Filter>
    <Filter Include="Object\Player\StateMachine\PlayerState\States">
      <UniqueIdentifier>{4c38097d-7de9-4ae2-ad53-e6dc32387bd8}</UniqueIdentifier>
    </Filter>
    <Filter Include="Object\Monster">
      <UniqueIdentifier>{44209a58-7724-4912-bd62-8d78135eded4}</UniqueIdentifier>
    </Filter>
    <Filter Include="Object\Monster\Cactus">
      <UniqueIdentifier>{b92af977-27d5-432e-b3b2-15b9d4a64b58}</UniqueIdentifier>
    </Filter>
    <Filter Include="Object\Monster\Cactus\StateMachine">
      <UniqueIdentifier>{2aa9b22f-1d83-4e73-9bcd-7c2f86f66f3d}</UniqueIdentifier>
    </Filter>
    <Filter Include="Object\Monster\Cactus\StateMachine\CactusState">
      <UniqueIdentifier>{7193e583-3c0f-469a-8b0b-34033db6c7c7}</UniqueIdentifier>
    </Filter>
    <Filter Include="Object\Monster\Cactus\StateMachine\CactusState\States">
      <UniqueIdentifier>{689788b8-30a1-41b7-a95b-5f8e07066c5b}</UniqueIdentifier>
    </Filter>
    <Filter Include="Object\Monster\ChestMonster">
      <UniqueIdentifier>{22f8b072-39a9-48f6-a8a5-b98c7685af60}</UniqueIdentifier>
    </Filter>
    <Filter Include="Object\Monster\ChestMonster\StateMachine">
      <UniqueIdentifier>{664db617-42b2-4246-a8ad-3db9129f753e}</UniqueIdentifier>
    </Filter>
    <Filter Include="Object\Monster\ChestMonster\StateMachine\ChestMonsterState">
      <UniqueIdentifier>{4042e677-fc5a-4bcd-a256-3c39b5766d55}</UniqueIdentifier>
    </Filter>
    <Filter Include="Object\Monster\ChestMonster\StateMachine\ChestMonsterState\States">
      <UniqueIdentifier>{999468f6-b60f-476c-8b4d-94e0ef2285a0}</UniqueIdentifier>
    </Filter>
    <Filter Include="Object\Monster\BunnyRat">
      <UniqueIdentifier>{1c1a26b7-5c5d-4524-9329-7b845eb3647e}</UniqueIdentifier>
    </Filter>
    <Filter Include="Object\Monster\BunnyRat\StateMachine">
      <UniqueIdentifier>{8011bd9d-3f76-4a65-9b0b-c030c3e3e403}</UniqueIdentifier>
    </Filter>
    <Filter Include="Object\Monster\BunnyRat\StateMachine\BunnyRatState">
      <UniqueIdentifier>{30cdb432-8082-48ba-ae39-60159380a396}</UniqueIdentifier>
    </Filter>
    <Filter Include="Object\Monster\BunnyRat\StateMachine\BunnyRatState\States">
      <UniqueIdentifier>{51b78a26-d6cc-4b5b-a456-59c8c62d29ef}</UniqueIdentifier>
    </Filter>
    <Filter Include="Object\Monster\Ghost">
      <UniqueIdentifier>{6d2775b9-5ce5-4719-85d0-c275a293fe7d}</UniqueIdentifier>
    </Filter>
    <Filter Include="Object\Monster\Ghost\StateMachine">
      <UniqueIdentifier>{796a949c-c2b7-48cb-a3b1-17ed958f43ab}</UniqueIdentifier>
    </Filter>
    <Filter Include="Object\Monster\Ghost\StateMachine\GhostState">
      <UniqueIdentifier>{4cb5eb79-bb09-4a56-9989-05ac27b8808c}</UniqueIdentifier>
    </Filter>
    <Filter Include="Object\Monster\Ghost\StateMachine\GhostState\States">
      <UniqueIdentifier>{9ce7ea06-819f-4cd9-bdbe-4b83f26178f9}</UniqueIdentifier>
    </Filter>
    <Filter Include="Object\Monster\Boss">
      <UniqueIdentifier>{0a635396-741f-49ca-9e2f-d55623c0cf3c}</UniqueIdentifier>
    </Filter>
    <Filter Include="Object\Monster\Boss\StateMachine">
      <UniqueIdentifier>{5455b402-ecb9-456c-842e-9f418508c8ec}</UniqueIdentifier>
    </Filter>
    <Filter Include="Object\Monster\Boss\StateMachine\BossState">
      <UniqueIdentifier>{d0ff9533-dac9-4470-900a-4662cfdab404}</UniqueIdentifier>
    </Filter>
    <Filter Include="Object\Monster\Boss\StateMachine\BossState\State">
      <UniqueIdentifier>{7399750e-3f38-4ae9-a237-78a0b44a2f04}</UniqueIdentifier>
    </Filter>
    <Filter Include="Object\Monster\Stone">
      <UniqueIdentifier>{0a6423f6-9022-4bbf-a14a-5a4da62c2a9f}</UniqueIdentifier>
    </Filter>
    <Filter Include="Object\Key">
      <UniqueIdentifier>{48f9ee67-768e-453f-ba32-e36568f74d17}</UniqueIdentifier>
    </Filter>
    <Filter Include="Object\Flame">
      <UniqueIdentifier>{7165e317-d355-4766-b05b-502fda5ff3c5}</UniqueIdentifier>
    </Filter>
    <Filter Include="Object\Lava">
      <UniqueIdentifier>{b13bc1f2-fc13-4c51-b877-2c7cabd8404d}</UniqueIdentifier>
    </Filter>
  </ItemGroup>
  <ItemGroup>
    <ClCompile Include="pch.cpp">
      <Filter>Utils</Filter>
    </ClCompile>
    <ClCompile Include="EnginePch.cpp">
      <Filter>Utils</Filter>
    </ClCompile>
    <ClCompile Include="Engine.cpp">
      <Filter>Engine</Filter>
    </ClCompile>
    <ClCompile Include="CommandQueue.cpp">
      <Filter>Engine</Filter>
    </ClCompile>
    <ClCompile Include="Device.cpp">
      <Filter>Engine</Filter>
    </ClCompile>
    <ClCompile Include="SwapChain.cpp">
      <Filter>Engine</Filter>
    </ClCompile>
    <ClCompile Include="RootSignature.cpp">
      <Filter>Engine</Filter>
    </ClCompile>
    <ClCompile Include="Mesh.cpp">
      <Filter>Object\Resource</Filter>
    </ClCompile>
    <ClCompile Include="Shader.cpp">
      <Filter>Object\Resource</Filter>
    </ClCompile>
    <ClCompile Include="ConstantBuffer.cpp">
      <Filter>Engine</Filter>
    </ClCompile>
    <ClCompile Include="TableDescriptorHeap.cpp">
      <Filter>Engine</Filter>
    </ClCompile>
    <ClCompile Include="Texture.cpp">
      <Filter>Object\Resource</Filter>
    </ClCompile>
    <ClCompile Include="Material.cpp">
      <Filter>Object\Resource</Filter>
    </ClCompile>
    <ClCompile Include="GameObject.cpp">
      <Filter>Object</Filter>
    </ClCompile>
    <ClCompile Include="SceneManager.cpp">
      <Filter>Manager</Filter>
    </ClCompile>
    <ClCompile Include="Scene.cpp">
      <Filter>Manager</Filter>
    </ClCompile>
    <ClCompile Include="Input.cpp">
      <Filter>Manager</Filter>
    </ClCompile>
    <ClCompile Include="Timer.cpp">
      <Filter>Manager</Filter>
    </ClCompile>
    <ClCompile Include="SimpleMath.cpp">
      <Filter>Utils</Filter>
    </ClCompile>
    <ClCompile Include="PlayerCameraScript.cpp">
      <Filter>Object\Scripts</Filter>
    </ClCompile>
    <ClCompile Include="Resources.cpp">
      <Filter>Manager</Filter>
    </ClCompile>
    <ClCompile Include="Object.cpp">
      <Filter>Object</Filter>
    </ClCompile>
    <ClCompile Include="Camera.cpp">
      <Filter>Object\Component</Filter>
    </ClCompile>
    <ClCompile Include="Component.cpp">
      <Filter>Object\Component</Filter>
    </ClCompile>
    <ClCompile Include="MeshRenderer.cpp">
      <Filter>Object\Component</Filter>
    </ClCompile>
    <ClCompile Include="MonoBehaviour.cpp">
      <Filter>Object\Component</Filter>
    </ClCompile>
    <ClCompile Include="Transform.cpp">
      <Filter>Object\Component</Filter>
    </ClCompile>
    <ClCompile Include="Light.cpp">
      <Filter>Object\Component</Filter>
    </ClCompile>
    <ClCompile Include="Frustum.cpp">
      <Filter>Object\Component</Filter>
    </ClCompile>
    <ClCompile Include="RenderTargetGroup.cpp">
      <Filter>Engine</Filter>
    </ClCompile>
    <ClCompile Include="ParticleSystem.cpp">
      <Filter>Object\Component</Filter>
    </ClCompile>
    <ClCompile Include="StructuredBuffer.cpp">
      <Filter>Engine</Filter>
    </ClCompile>
    <ClCompile Include="InstancingBuffer.cpp">
      <Filter>Engine</Filter>
    </ClCompile>
    <ClCompile Include="InstancingManager.cpp">
      <Filter>Manager</Filter>
    </ClCompile>
    <ClCompile Include="Terrain.cpp">
      <Filter>Object\Component</Filter>
    </ClCompile>
    <ClCompile Include="BaseCollider.cpp">
      <Filter>Object\Component\Collider</Filter>
    </ClCompile>
    <ClCompile Include="SphereCollider.cpp">
      <Filter>Object\Component\Collider</Filter>
    </ClCompile>
    <ClCompile Include="FBXLoader.cpp">
      <Filter>Utils</Filter>
    </ClCompile>
    <ClCompile Include="MeshData.cpp">
      <Filter>Object\Resource</Filter>
    </ClCompile>
    <ClCompile Include="Animator.cpp">
      <Filter>Object\Component</Filter>
    </ClCompile>
    <ClCompile Include="TestAnimation.cpp">
      <Filter>Object\Scripts</Filter>
    </ClCompile>
    <ClCompile Include="Player.cpp">
      <Filter>Object\Player</Filter>
    </ClCompile>
    <ClCompile Include="PlayerStateMachine.cpp">
      <Filter>Object\Player\StateMachine</Filter>
    </ClCompile>
    <ClCompile Include="PlayerState.cpp">
      <Filter>Object\Player\StateMachine\PlayerState</Filter>
    </ClCompile>
    <ClCompile Include="IdleState.cpp">
      <Filter>Object\Player\StateMachine\PlayerState\States</Filter>
    </ClCompile>
    <ClCompile Include="RunState.cpp">
      <Filter>Object\Player\StateMachine\PlayerState\States</Filter>
    </ClCompile>
    <ClCompile Include="PlayerManager.cpp">
      <Filter>Manager</Filter>
    </ClCompile>
    <ClCompile Include="AimState.cpp">
      <Filter>Object\Player\StateMachine\PlayerState\States</Filter>
    </ClCompile>
    <ClCompile Include="FireState.cpp">
      <Filter>Object\Player\StateMachine\PlayerState\States</Filter>
    </ClCompile>
    <ClCompile Include="GetUpState.cpp">
      <Filter>Object\Player\StateMachine\PlayerState\States</Filter>
    </ClCompile>
    <ClCompile Include="HitState.cpp">
      <Filter>Object\Player\StateMachine\PlayerState\States</Filter>
    </ClCompile>
    <ClCompile Include="RollState.cpp">
      <Filter>Object\Player\StateMachine\PlayerState\States</Filter>
    </ClCompile>
    <ClCompile Include="Logger.cpp">
      <Filter>Utils</Filter>
    </ClCompile>
    <ClCompile Include="PhysicsEngine.cpp">
      <Filter>Physics</Filter>
    </ClCompile>
    <ClCompile Include="CharacterControllerHitReport.cpp">
      <Filter>Physics\Callback</Filter>
    </ClCompile>
    <ClCompile Include="ContactReportCallback.cpp">
      <Filter>Physics\Callback</Filter>
    </ClCompile>
    <ClCompile Include="PhysicsBody.cpp">
      <Filter>Object\Component</Filter>
    </ClCompile>
    <ClCompile Include="CharacterController.cpp">
      <Filter>Object\Component</Filter>
    </ClCompile>
    <ClCompile Include="CharacterMovement.cpp">
      <Filter>Object\Component</Filter>
    </ClCompile>
    <ClCompile Include="ProjectileManager.cpp">
      <Filter>Manager</Filter>
    </ClCompile>
    <ClCompile Include="TeleportSystem.cpp">
      <Filter>Manager</Filter>
    </ClCompile>
    <ClCompile Include="Projectile.cpp">
      <Filter>Object\Projectile</Filter>
    </ClCompile>
    <ClCompile Include="Sound.cpp">
      <Filter>Object\Resource</Filter>
    </ClCompile>
    <ClCompile Include="SoundSystem.cpp">
      <Filter>Manager</Filter>
    </ClCompile>
    <ClCompile Include="TransformAnimator.cpp">
      <Filter>Object\Component</Filter>
    </ClCompile>
    <ClCompile Include="Cactus.cpp">
      <Filter>Object\Monster\Cactus</Filter>
    </ClCompile>
    <ClCompile Include="CactusState.cpp">
      <Filter>Object\Monster\Cactus\StateMachine\CactusState</Filter>
    </ClCompile>
    <ClCompile Include="CactusStateMachine.cpp">
      <Filter>Object\Monster\Cactus\StateMachine</Filter>
    </ClCompile>
    <ClCompile Include="CactusAwakeState.cpp">
      <Filter>Object\Monster\Cactus\StateMachine\CactusState\States</Filter>
    </ClCompile>
    <ClCompile Include="CactusDeadState.cpp">
      <Filter>Object\Monster\Cactus\StateMachine\CactusState\States</Filter>
    </ClCompile>
    <ClCompile Include="CactusHandAttackState.cpp">
      <Filter>Object\Monster\Cactus\StateMachine\CactusState\States</Filter>
    </ClCompile>
    <ClCompile Include="CactusHeadAttackState.cpp">
      <Filter>Object\Monster\Cactus\StateMachine\CactusState\States</Filter>
    </ClCompile>
    <ClCompile Include="CactusHitState.cpp">
      <Filter>Object\Monster\Cactus\StateMachine\CactusState\States</Filter>
    </ClCompile>
    <ClCompile Include="CactusIdleState.cpp">
      <Filter>Object\Monster\Cactus\StateMachine\CactusState\States</Filter>
    </ClCompile>
    <ClCompile Include="CactusRunState.cpp">
      <Filter>Object\Monster\Cactus\StateMachine\CactusState\States</Filter>
    </ClCompile>
    <ClCompile Include="CactusSleepState.cpp">
      <Filter>Object\Monster\Cactus\StateMachine\CactusState\States</Filter>
    </ClCompile>
    <ClCompile Include="ChestMonster.cpp">
      <Filter>Object\Monster\ChestMonster</Filter>
    </ClCompile>
    <ClCompile Include="ChestMonsterStateMachine.cpp">
      <Filter>Object\Monster\ChestMonster\StateMachine</Filter>
    </ClCompile>
    <ClCompile Include="ChestMonsterState.cpp">
      <Filter>Object\Monster\ChestMonster\StateMachine\ChestMonsterState</Filter>
    </ClCompile>
    <ClCompile Include="ChestMonsterAwakeState.cpp">
      <Filter>Object\Monster\ChestMonster\StateMachine\ChestMonsterState\States</Filter>
    </ClCompile>
    <ClCompile Include="ChestMonsterDeadState.cpp">
      <Filter>Object\Monster\ChestMonster\StateMachine\ChestMonsterState\States</Filter>
    </ClCompile>
    <ClCompile Include="ChestMonsterHitState.cpp">
      <Filter>Object\Monster\ChestMonster\StateMachine\ChestMonsterState\States</Filter>
    </ClCompile>
    <ClCompile Include="ChestMonsterIdleState.cpp">
      <Filter>Object\Monster\ChestMonster\StateMachine\ChestMonsterState\States</Filter>
    </ClCompile>
    <ClCompile Include="ChestMonsterLongAttackState.cpp">
      <Filter>Object\Monster\ChestMonster\StateMachine\ChestMonsterState\States</Filter>
    </ClCompile>
    <ClCompile Include="ChestMonsterRunState.cpp">
      <Filter>Object\Monster\ChestMonster\StateMachine\ChestMonsterState\States</Filter>
    </ClCompile>
    <ClCompile Include="ChestMonsterShortAttackState.cpp">
      <Filter>Object\Monster\ChestMonster\StateMachine\ChestMonsterState\States</Filter>
    </ClCompile>
    <ClCompile Include="ChestMonsterSleepState.cpp">
      <Filter>Object\Monster\ChestMonster\StateMachine\ChestMonsterState\States</Filter>
    </ClCompile>
    <ClCompile Include="BunnyRat.cpp">
      <Filter>Object\Monster\BunnyRat</Filter>
    </ClCompile>
    <ClCompile Include="BunnyRatStateMachine.cpp">
      <Filter>Object\Monster\BunnyRat\StateMachine</Filter>
    </ClCompile>
    <ClCompile Include="BunnyRatState.cpp">
      <Filter>Object\Monster\BunnyRat\StateMachine\BunnyRatState</Filter>
    </ClCompile>
    <ClCompile Include="BunnyRatAttackState.cpp">
      <Filter>Object\Monster\BunnyRat\StateMachine\BunnyRatState\States</Filter>
    </ClCompile>
    <ClCompile Include="BunnyRatDeadState.cpp">
      <Filter>Object\Monster\BunnyRat\StateMachine\BunnyRatState\States</Filter>
    </ClCompile>
    <ClCompile Include="BunnyRatHitState.cpp">
      <Filter>Object\Monster\BunnyRat\StateMachine\BunnyRatState\States</Filter>
    </ClCompile>
    <ClCompile Include="BunnyRatIdleState.cpp">
      <Filter>Object\Monster\BunnyRat\StateMachine\BunnyRatState\States</Filter>
    </ClCompile>
    <ClCompile Include="BunnyRatRunState.cpp">
      <Filter>Object\Monster\BunnyRat\StateMachine\BunnyRatState\States</Filter>
    </ClCompile>
    <ClCompile Include="Ghost.cpp">
      <Filter>Object\Monster\Ghost</Filter>
    </ClCompile>
    <ClCompile Include="GhostStateMachine.cpp">
      <Filter>Object\Monster\Ghost\StateMachine</Filter>
    </ClCompile>
    <ClCompile Include="GhostState.cpp">
      <Filter>Object\Monster\Ghost\StateMachine\GhostState</Filter>
    </ClCompile>
    <ClCompile Include="GhostAttackState.cpp">
      <Filter>Object\Monster\Ghost\StateMachine\GhostState\States</Filter>
    </ClCompile>
    <ClCompile Include="GhostDeadState.cpp">
      <Filter>Object\Monster\Ghost\StateMachine\GhostState\States</Filter>
    </ClCompile>
    <ClCompile Include="GhostHitState.cpp">
      <Filter>Object\Monster\Ghost\StateMachine\GhostState\States</Filter>
    </ClCompile>
    <ClCompile Include="GhostIdleState.cpp">
      <Filter>Object\Monster\Ghost\StateMachine\GhostState\States</Filter>
    </ClCompile>
    <ClCompile Include="Boss.cpp">
      <Filter>Object\Monster\Boss</Filter>
    </ClCompile>
    <ClCompile Include="BossStateMachine.cpp">
      <Filter>Object\Monster\Boss\StateMachine</Filter>
    </ClCompile>
    <ClCompile Include="BossState.cpp">
      <Filter>Object\Monster\Boss\StateMachine\BossState</Filter>
    </ClCompile>
    <ClCompile Include="BossAwakeState.cpp">
      <Filter>Object\Monster\Boss\StateMachine\BossState\State</Filter>
    </ClCompile>
    <ClCompile Include="BossBreathReadyState.cpp">
      <Filter>Object\Monster\Boss\StateMachine\BossState\State</Filter>
    </ClCompile>
    <ClCompile Include="BossBreathState.cpp">
      <Filter>Object\Monster\Boss\StateMachine\BossState\State</Filter>
    </ClCompile>
    <ClCompile Include="BossChargeState.cpp">
      <Filter>Object\Monster\Boss\StateMachine\BossState\State</Filter>
    </ClCompile>
    <ClCompile Include="BossDeadState.cpp">
      <Filter>Object\Monster\Boss\StateMachine\BossState\State</Filter>
    </ClCompile>
    <ClCompile Include="BossDownSmashAttackState.cpp">
      <Filter>Object\Monster\Boss\StateMachine\BossState\State</Filter>
    </ClCompile>
    <ClCompile Include="BossIdleState.cpp">
      <Filter>Object\Monster\Boss\StateMachine\BossState\State</Filter>
    </ClCompile>
    <ClCompile Include="BossLeftHandAttackState.cpp">
      <Filter>Object\Monster\Boss\StateMachine\BossState\State</Filter>
    </ClCompile>
    <ClCompile Include="BossRightHandAttackState.cpp">
      <Filter>Object\Monster\Boss\StateMachine\BossState\State</Filter>
    </ClCompile>
    <ClCompile Include="BossRoarReadyState.cpp">
      <Filter>Object\Monster\Boss\StateMachine\BossState\State</Filter>
    </ClCompile>
    <ClCompile Include="BossRoarState.cpp">
      <Filter>Object\Monster\Boss\StateMachine\BossState\State</Filter>
    </ClCompile>
    <ClCompile Include="BossRunState.cpp">
      <Filter>Object\Monster\Boss\StateMachine\BossState\State</Filter>
    </ClCompile>
    <ClCompile Include="BossSleepState.cpp">
      <Filter>Object\Monster\Boss\StateMachine\BossState\State</Filter>
    </ClCompile>
    <ClCompile Include="Stone.cpp">
      <Filter>Object\Monster\Stone</Filter>
    </ClCompile>
    <ClCompile Include="KeyObject.cpp">
      <Filter>Object\Key</Filter>
    </ClCompile>
    <ClCompile Include="Flame.cpp">
      <Filter>Object\Flame</Filter>
    </ClCompile>
    <ClCompile Include="Lava.cpp">
      <Filter>Object\Lava</Filter>
    </ClCompile>
  </ItemGroup>
  <ItemGroup>
    <ClInclude Include="pch.h">
      <Filter>Utils</Filter>
    </ClInclude>
    <ClInclude Include="EnginePch.h">
      <Filter>Utils</Filter>
    </ClInclude>
    <ClInclude Include="d3dx12.h">
      <Filter>Utils</Filter>
    </ClInclude>
    <ClInclude Include="Engine.h">
      <Filter>Engine</Filter>
    </ClInclude>
    <ClInclude Include="CommandQueue.h">
      <Filter>Engine</Filter>
    </ClInclude>
    <ClInclude Include="Device.h">
      <Filter>Engine</Filter>
    </ClInclude>
    <ClInclude Include="SwapChain.h">
      <Filter>Engine</Filter>
    </ClInclude>
    <ClInclude Include="RootSignature.h">
      <Filter>Engine</Filter>
    </ClInclude>
    <ClInclude Include="Mesh.h">
      <Filter>Object\Resource</Filter>
    </ClInclude>
    <ClInclude Include="Shader.h">
      <Filter>Object\Resource</Filter>
    </ClInclude>
    <ClInclude Include="ConstantBuffer.h">
      <Filter>Engine</Filter>
    </ClInclude>
    <ClInclude Include="TableDescriptorHeap.h">
      <Filter>Engine</Filter>
    </ClInclude>
    <ClInclude Include="Texture.h">
      <Filter>Object\Resource</Filter>
    </ClInclude>
    <ClInclude Include="Material.h">
      <Filter>Object\Resource</Filter>
    </ClInclude>
    <ClInclude Include="GameObject.h">
      <Filter>Object</Filter>
    </ClInclude>
    <ClInclude Include="SceneManager.h">
      <Filter>Manager</Filter>
    </ClInclude>
    <ClInclude Include="Scene.h">
      <Filter>Manager</Filter>
    </ClInclude>
    <ClInclude Include="Input.h">
      <Filter>Manager</Filter>
    </ClInclude>
    <ClInclude Include="Timer.h">
      <Filter>Manager</Filter>
    </ClInclude>
    <ClInclude Include="SimpleMath.h">
      <Filter>Utils</Filter>
    </ClInclude>
    <ClInclude Include="PlayerCameraScript.h">
      <Filter>Object\Scripts</Filter>
    </ClInclude>
    <ClInclude Include="Resources.h">
      <Filter>Manager</Filter>
    </ClInclude>
    <ClInclude Include="Object.h">
      <Filter>Object</Filter>
    </ClInclude>
    <ClInclude Include="Camera.h">
      <Filter>Object\Component</Filter>
    </ClInclude>
    <ClInclude Include="Component.h">
      <Filter>Object\Component</Filter>
    </ClInclude>
    <ClInclude Include="MeshRenderer.h">
      <Filter>Object\Component</Filter>
    </ClInclude>
    <ClInclude Include="MonoBehaviour.h">
      <Filter>Object\Component</Filter>
    </ClInclude>
    <ClInclude Include="Transform.h">
      <Filter>Object\Component</Filter>
    </ClInclude>
    <ClInclude Include="Light.h">
      <Filter>Object\Component</Filter>
    </ClInclude>
    <ClInclude Include="Frustum.h">
      <Filter>Object\Component</Filter>
    </ClInclude>
    <ClInclude Include="RenderTargetGroup.h">
      <Filter>Engine</Filter>
    </ClInclude>
    <ClInclude Include="ParticleSystem.h">
      <Filter>Object\Component</Filter>
    </ClInclude>
    <ClInclude Include="StructuredBuffer.h">
      <Filter>Engine</Filter>
    </ClInclude>
    <ClInclude Include="InstancingBuffer.h">
      <Filter>Engine</Filter>
    </ClInclude>
    <ClInclude Include="InstancingManager.h">
      <Filter>Manager</Filter>
    </ClInclude>
    <ClInclude Include="Terrain.h">
      <Filter>Object\Component</Filter>
    </ClInclude>
    <ClInclude Include="BaseCollider.h">
      <Filter>Object\Component\Collider</Filter>
    </ClInclude>
    <ClInclude Include="SphereCollider.h">
      <Filter>Object\Component\Collider</Filter>
    </ClInclude>
    <ClInclude Include="FBXLoader.h">
      <Filter>Utils</Filter>
    </ClInclude>
    <ClInclude Include="MeshData.h">
      <Filter>Object\Resource</Filter>
    </ClInclude>
    <ClInclude Include="Animator.h">
      <Filter>Object\Component</Filter>
    </ClInclude>
    <ClInclude Include="TestAnimation.h">
      <Filter>Object\Scripts</Filter>
    </ClInclude>
    <ClInclude Include="Player.h">
      <Filter>Object\Player</Filter>
    </ClInclude>
    <ClInclude Include="PlayerStateMachine.h">
      <Filter>Object\Player\StateMachine</Filter>
    </ClInclude>
    <ClInclude Include="PlayerState.h">
      <Filter>Object\Player\StateMachine\PlayerState</Filter>
    </ClInclude>
    <ClInclude Include="IdleState.h">
      <Filter>Object\Player\StateMachine\PlayerState\States</Filter>
    </ClInclude>
    <ClInclude Include="RunState.h">
      <Filter>Object\Player\StateMachine\PlayerState\States</Filter>
    </ClInclude>
    <ClInclude Include="PlayerManager.h">
      <Filter>Manager</Filter>
    </ClInclude>
    <ClInclude Include="AimState.h">
      <Filter>Object\Player\StateMachine\PlayerState\States</Filter>
    </ClInclude>
    <ClInclude Include="FireState.h">
      <Filter>Object\Player\StateMachine\PlayerState\States</Filter>
    </ClInclude>
    <ClInclude Include="GetUpState.h">
      <Filter>Object\Player\StateMachine\PlayerState\States</Filter>
    </ClInclude>
    <ClInclude Include="HitState.h">
      <Filter>Object\Player\StateMachine\PlayerState\States</Filter>
    </ClInclude>
    <ClInclude Include="RollState.h">
      <Filter>Object\Player\StateMachine\PlayerState\States</Filter>
    </ClInclude>
    <ClInclude Include="Logger.h">
      <Filter>Utils</Filter>
    </ClInclude>
    <ClInclude Include="PhysicsEngine.h">
      <Filter>Physics</Filter>
    </ClInclude>
    <ClInclude Include="PhysicsObject.h">
      <Filter>Physics</Filter>
    </ClInclude>
    <ClInclude Include="PhysicsTypes.h">
      <Filter>Physics</Filter>
    </ClInclude>
    <ClInclude Include="CharacterControllerHitReport.h">
      <Filter>Physics\Callback</Filter>
    </ClInclude>
    <ClInclude Include="ContactReportCallback.h">
      <Filter>Physics\Callback</Filter>
    </ClInclude>
    <ClInclude Include="PhysicsBody.h">
      <Filter>Object\Component</Filter>
    </ClInclude>
    <ClInclude Include="CharacterController.h">
      <Filter>Object\Component</Filter>
    </ClInclude>
    <ClInclude Include="CharacterMovement.h">
      <Filter>Object\Component</Filter>
    </ClInclude>
    <ClInclude Include="ProjectileManager.h">
      <Filter>Manager</Filter>
    </ClInclude>
    <ClInclude Include="TeleportSystem.h">
      <Filter>Manager</Filter>
    </ClInclude>
    <ClInclude Include="Projectile.h">
      <Filter>Object\Projectile</Filter>
    </ClInclude>
    <ClInclude Include="Sound.h">
      <Filter>Object\Resource</Filter>
    </ClInclude>
    <ClInclude Include="SoundSystem.h">
      <Filter>Manager</Filter>
    </ClInclude>
    <ClInclude Include="TransformAnimator.h">
      <Filter>Object\Component</Filter>
    </ClInclude>
    <ClInclude Include="Event.h">
      <Filter>Event</Filter>
    </ClInclude>
    <ClInclude Include="EventTypes.h">
      <Filter>Event</Filter>
    </ClInclude>
    <ClInclude Include="EventManager.h">
      <Filter>Manager</Filter>
    </ClInclude>
    <ClInclude Include="AttackInfo.h">
      <Filter>Utils</Filter>
    </ClInclude>
    <ClInclude Include="Cactus.h">
      <Filter>Object\Monster\Cactus</Filter>
    </ClInclude>
    <ClInclude Include="CactusState.h">
      <Filter>Object\Monster\Cactus\StateMachine\CactusState</Filter>
    </ClInclude>
    <ClInclude Include="CactusStateMachine.h">
      <Filter>Object\Monster\Cactus\StateMachine</Filter>
    </ClInclude>
    <ClInclude Include="CactusSleepState.h">
      <Filter>Object\Monster\Cactus\StateMachine\CactusState\States</Filter>
    </ClInclude>
    <ClInclude Include="CactusAwakeState.h">
      <Filter>Object\Monster\Cactus\StateMachine\CactusState\States</Filter>
    </ClInclude>
    <ClInclude Include="CactusDeadState.h">
      <Filter>Object\Monster\Cactus\StateMachine\CactusState\States</Filter>
    </ClInclude>
    <ClInclude Include="CactusHandAttackState.h">
      <Filter>Object\Monster\Cactus\StateMachine\CactusState\States</Filter>
    </ClInclude>
    <ClInclude Include="CactusHeadAttackState.h">
      <Filter>Object\Monster\Cactus\StateMachine\CactusState\States</Filter>
    </ClInclude>
    <ClInclude Include="CactusHitState.h">
      <Filter>Object\Monster\Cactus\StateMachine\CactusState\States</Filter>
    </ClInclude>
    <ClInclude Include="CactusIdleState.h">
      <Filter>Object\Monster\Cactus\StateMachine\CactusState\States</Filter>
    </ClInclude>
    <ClInclude Include="CactusRunState.h">
      <Filter>Object\Monster\Cactus\StateMachine\CactusState\States</Filter>
    </ClInclude>
    <ClInclude Include="ChestMonster.h">
      <Filter>Object\Monster\ChestMonster</Filter>
    </ClInclude>
    <ClInclude Include="ChestMonsterStateMachine.h">
      <Filter>Object\Monster\ChestMonster\StateMachine</Filter>
    </ClInclude>
    <ClInclude Include="ChestMonsterState.h">
      <Filter>Object\Monster\ChestMonster\StateMachine\ChestMonsterState</Filter>
    </ClInclude>
    <ClInclude Include="ChestMonsterAwakeState.h">
      <Filter>Object\Monster\ChestMonster\StateMachine\ChestMonsterState\States</Filter>
    </ClInclude>
    <ClInclude Include="ChestMonsterDeadState.h">
      <Filter>Object\Monster\ChestMonster\StateMachine\ChestMonsterState\States</Filter>
    </ClInclude>
    <ClInclude Include="ChestMonsterHitState.h">
      <Filter>Object\Monster\ChestMonster\StateMachine\ChestMonsterState\States</Filter>
    </ClInclude>
    <ClInclude Include="ChestMonsterIdleState.h">
      <Filter>Object\Monster\ChestMonster\StateMachine\ChestMonsterState\States</Filter>
    </ClInclude>
    <ClInclude Include="ChestMonsterLongAttackState.h">
      <Filter>Object\Monster\ChestMonster\StateMachine\ChestMonsterState\States</Filter>
    </ClInclude>
    <ClInclude Include="ChestMonsterRunState.h">
      <Filter>Object\Monster\ChestMonster\StateMachine\ChestMonsterState\States</Filter>
    </ClInclude>
    <ClInclude Include="ChestMonsterShortAttackState.h">
      <Filter>Object\Monster\ChestMonster\StateMachine\ChestMonsterState\States</Filter>
    </ClInclude>
    <ClInclude Include="ChestMonsterSleepState.h">
      <Filter>Object\Monster\ChestMonster\StateMachine\ChestMonsterState\States</Filter>
    </ClInclude>
    <ClInclude Include="BunnyRat.h">
      <Filter>Object\Monster\BunnyRat</Filter>
    </ClInclude>
    <ClInclude Include="BunnyRatStateMachine.h">
      <Filter>Object\Monster\BunnyRat\StateMachine</Filter>
    </ClInclude>
    <ClInclude Include="BunnyRatState.h">
      <Filter>Object\Monster\BunnyRat\StateMachine\BunnyRatState</Filter>
    </ClInclude>
    <ClInclude Include="BunnyRatRunState.h">
      <Filter>Object\Monster\BunnyRat\StateMachine\BunnyRatState\States</Filter>
    </ClInclude>
    <ClInclude Include="BunnyRatAttackState.h">
      <Filter>Object\Monster\BunnyRat\StateMachine\BunnyRatState\States</Filter>
    </ClInclude>
    <ClInclude Include="BunnyRatDeadState.h">
      <Filter>Object\Monster\BunnyRat\StateMachine\BunnyRatState\States</Filter>
    </ClInclude>
    <ClInclude Include="BunnyRatHitState.h">
      <Filter>Object\Monster\BunnyRat\StateMachine\BunnyRatState\States</Filter>
    </ClInclude>
    <ClInclude Include="BunnyRatIdleState.h">
      <Filter>Object\Monster\BunnyRat\StateMachine\BunnyRatState\States</Filter>
    </ClInclude>
    <ClInclude Include="Ghost.h">
      <Filter>Object\Monster\Ghost</Filter>
    </ClInclude>
    <ClInclude Include="GhostStateMachine.h">
      <Filter>Object\Monster\Ghost\StateMachine</Filter>
    </ClInclude>
    <ClInclude Include="GhostState.h">
      <Filter>Object\Monster\Ghost\StateMachine\GhostState</Filter>
    </ClInclude>
    <ClInclude Include="GhostIdleState.h">
      <Filter>Object\Monster\Ghost\StateMachine\GhostState\States</Filter>
    </ClInclude>
    <ClInclude Include="GhostAttackState.h">
      <Filter>Object\Monster\Ghost\StateMachine\GhostState\States</Filter>
    </ClInclude>
    <ClInclude Include="GhostDeadState.h">
      <Filter>Object\Monster\Ghost\StateMachine\GhostState\States</Filter>
    </ClInclude>
    <ClInclude Include="GhostHitState.h">
      <Filter>Object\Monster\Ghost\StateMachine\GhostState\States</Filter>
    </ClInclude>
    <ClInclude Include="Boss.h">
      <Filter>Object\Monster\Boss</Filter>
    </ClInclude>
    <ClInclude Include="BossStateMachine.h">
      <Filter>Object\Monster\Boss\StateMachine</Filter>
    </ClInclude>
    <ClInclude Include="BossState.h">
      <Filter>Object\Monster\Boss\StateMachine\BossState</Filter>
    </ClInclude>
    <ClInclude Include="BossSleepState.h">
      <Filter>Object\Monster\Boss\StateMachine\BossState\State</Filter>
    </ClInclude>
    <ClInclude Include="BossAwakeState.h">
      <Filter>Object\Monster\Boss\StateMachine\BossState\State</Filter>
    </ClInclude>
    <ClInclude Include="BossBreathReadyState.h">
      <Filter>Object\Monster\Boss\StateMachine\BossState\State</Filter>
    </ClInclude>
    <ClInclude Include="BossBreathState.h">
      <Filter>Object\Monster\Boss\StateMachine\BossState\State</Filter>
    </ClInclude>
    <ClInclude Include="BossChargeState.h">
      <Filter>Object\Monster\Boss\StateMachine\BossState\State</Filter>
    </ClInclude>
    <ClInclude Include="BossDeadState.h">
      <Filter>Object\Monster\Boss\StateMachine\BossState\State</Filter>
    </ClInclude>
    <ClInclude Include="BossDownSmashAttackState.h">
      <Filter>Object\Monster\Boss\StateMachine\BossState\State</Filter>
    </ClInclude>
    <ClInclude Include="BossIdleState.h">
      <Filter>Object\Monster\Boss\StateMachine\BossState\State</Filter>
    </ClInclude>
    <ClInclude Include="BossLeftHandAttackState.h">
      <Filter>Object\Monster\Boss\StateMachine\BossState\State</Filter>
    </ClInclude>
    <ClInclude Include="BossRightHandAttackState.h">
      <Filter>Object\Monster\Boss\StateMachine\BossState\State</Filter>
    </ClInclude>
    <ClInclude Include="BossRoarReadyState.h">
      <Filter>Object\Monster\Boss\StateMachine\BossState\State</Filter>
    </ClInclude>
    <ClInclude Include="BossRoarState.h">
      <Filter>Object\Monster\Boss\StateMachine\BossState\State</Filter>
    </ClInclude>
    <ClInclude Include="BossRunState.h">
      <Filter>Object\Monster\Boss\StateMachine\BossState\State</Filter>
    </ClInclude>
    <ClInclude Include="Stone.h">
      <Filter>Object\Monster\Stone</Filter>
    </ClInclude>
    <ClInclude Include="KeyObject.h">
      <Filter>Object\Key</Filter>
    </ClInclude>
    <ClInclude Include="Flame.h">
      <Filter>Object\Flame</Filter>
    </ClInclude>
    <ClInclude Include="Lava.h">
      <Filter>Object\Lava</Filter>
    </ClInclude>
  </ItemGroup>
  <ItemGroup>
    <None Include="SimpleMath.inl">
      <Filter>Utils</Filter>
    </None>
  </ItemGroup>
  <ItemGroup>
    <FxCompile Include="..\Resources\Shader\params.fx">
      <Filter>Shader</Filter>
    </FxCompile>
    <FxCompile Include="..\Resources\Shader\skybox.fx">
      <Filter>Shader</Filter>
    </FxCompile>
    <FxCompile Include="..\Resources\Shader\utils.fx">
      <Filter>Shader</Filter>
    </FxCompile>
    <FxCompile Include="..\Resources\Shader\forward.fx">
      <Filter>Shader</Filter>
    </FxCompile>
    <FxCompile Include="..\Resources\Shader\deferred.fx">
      <Filter>Shader</Filter>
    </FxCompile>
    <FxCompile Include="..\Resources\Shader\lighting.fx">
      <Filter>Shader</Filter>
    </FxCompile>
    <FxCompile Include="..\Resources\Shader\compute.fx">
      <Filter>Shader</Filter>
    </FxCompile>
    <FxCompile Include="..\Resources\Shader\particle.fx">
      <Filter>Shader</Filter>
    </FxCompile>
    <FxCompile Include="..\Resources\Shader\shadow.fx">
      <Filter>Shader</Filter>
    </FxCompile>
    <FxCompile Include="..\Resources\Shader\tessellation.fx">
      <Filter>Shader</Filter>
    </FxCompile>
    <FxCompile Include="..\Resources\Shader\terrain.fx">
      <Filter>Shader</Filter>
    </FxCompile>
    <FxCompile Include="..\Resources\Shader\animation.fx">
      <Filter>Shader</Filter>
    </FxCompile>
    <FxCompile Include="..\Resources\Shader\math.fx">
      <Filter>Shader</Filter>
    </FxCompile>
    <FxCompile Include="..\Resources\Shader\debugVisualization.fx">
      <Filter>Shader</Filter>
    </FxCompile>
    <FxCompile Include="..\Resources\Shader\laser.fx">
      <Filter>Shader</Filter>
    </FxCompile>
    <FxCompile Include="..\Resources\Shader\muzzle_flash.fx">
      <Filter>Shader</Filter>
    </FxCompile>
    <FxCompile Include="..\Resources\Shader\shockwave.fx">
      <Filter>Shader</Filter>
    </FxCompile>
    <FxCompile Include="..\Resources\Shader\collision_effect.fx">
      <Filter>Shader</Filter>
    </FxCompile>
    <FxCompile Include="..\Resources\Shader\fadeout.fx">
      <Filter>Shader</Filter>
    </FxCompile>
    <FxCompile Include="..\Resources\Shader\breath_effect.fx">
      <Filter>Shader</Filter>
    </FxCompile>
    <FxCompile Include="..\Resources\Shader\smash_effect.fx">
      <Filter>Shader</Filter>
    </FxCompile>
    <FxCompile Include="..\Resources\Shader\swing_effect.fx">
      <Filter>Shader</Filter>
    </FxCompile>
    <FxCompile Include="..\Resources\Shader\lava.fx">
      <Filter>Shader</Filter>
    </FxCompile>
    <FxCompile Include="..\Resources\Shader\flame.fx">
      <Filter>Shader</Filter>
    </FxCompile>
    <FxCompile Include="..\Resources\Shader\smoke.fx">
      <Filter>Shader</Filter>
    </FxCompile>
  </ItemGroup>
</Project>